{
  "name": "spicy-input",
  "version": "0.0.1",
  "lockfileVersion": 3,
  "requires": true,
  "packages": {
    "": {
      "name": "spicy-input",
      "version": "0.0.1",
      "license": "MIT",
      "dependencies": {
        "immutable": "^3.x.x"
      },
      "devDependencies": {
        "@types/swagger-ui": "^3.52.4",
        "tsconfig-to-dual-package": "^1.2.0",
        "typescript": "^5.3.3"
      }
    },
    "node_modules/@types/swagger-ui": {
      "version": "3.52.4",
      "resolved": "https://registry.npmjs.org/@types/swagger-ui/-/swagger-ui-3.52.4.tgz",
      "integrity": "sha512-7NV7q8BfupqdQxr26OkM0g0YEPB9uXnKGzXadgcearvI9MoCHt3F72lPTX3fZZIlrr21DC0IK26wcDMZ37oFDA==",
      "dev": true
    },
    "node_modules/immutable": {
      "version": "3.8.2",
      "resolved": "https://registry.npmjs.org/immutable/-/immutable-3.8.2.tgz",
      "integrity": "sha512-15gZoQ38eYjEjxkorfbcgBKBL6R7T459OuK+CpcWt7O3KF4uPCx2tD0uFETlUDIyo+1789crbMhTvQBSR5yBMg==",
      "engines": {
        "node": ">=0.10.0"
      }
    },
    "node_modules/resolve-tsconfig": {
      "version": "1.3.0",
      "resolved": "https://registry.npmjs.org/resolve-tsconfig/-/resolve-tsconfig-1.3.0.tgz",
      "integrity": "sha512-Ba5mo3soshb2CnIcNFz75F/80H/2eMVxrlmdgoSDNH7Lr6UAoT3BvxNtc7+VXqKSBlC0SJk2qSXOTcy0/p7cFw==",
      "dev": true,
      "engines": {
        "node": ">=16",
        "pnpm": ">=7"
      },
      "funding": {
        "url": "https://github.com/sponsors/skarab42"
      },
      "peerDependencies": {
        "typescript": "*"
      }
    },
    "node_modules/tsconfig-to-dual-package": {
      "version": "1.2.0",
      "resolved": "https://registry.npmjs.org/tsconfig-to-dual-package/-/tsconfig-to-dual-package-1.2.0.tgz",
      "integrity": "sha512-UtMinqTLfWr9fX6KidLsEcCJoA/jSLPIS00ohpQybMSxA3LlJCRf2DsGPw4AJJ8AP4FOHfbQJFJ5XgLoL7RoLw==",
      "dev": true,
      "dependencies": {
        "resolve-tsconfig": "^1.3.0"
      },
      "bin": {
        "tsconfig-to-dual-package": "bin/cmd.mjs"
      },
      "engines": {
        "node": ">=18.3.0 || >=16.17.0"
      },
      "peerDependencies": {
        "typescript": ">=4.0.0"
      }
    },
    "node_modules/typescript": {
      "version": "5.3.3",
      "resolved": "https://registry.npmjs.org/typescript/-/typescript-5.3.3.tgz",
      "integrity": "sha512-pXWcraxM0uxAS+tN0AG/BF2TyqmHO014Z070UsJ+pFvYuRSq8KH8DmWpnbXe0pEPDHXZV3FcAbJkijJ5oNEnWw==",
      "dev": true,
      "bin": {
        "tsc": "bin/tsc",
        "tsserver": "bin/tsserver"
      },
      "engines": {
        "node": ">=14.17"
      }
    }
  }
}
